
Microsoft Visual Studio Solution File, Format Version 12.00
# Visual Studio Version 17
VisualStudioVersion = 17.13.35828.75 d17.13
MinimumVisualStudioVersion = 10.0.40219.1
Project("{FAE04EC0-301F-11D3-BF4B-00C04F79EFBC}") = "TP1_GRUPO_21", "TP1_GRUPO_21\TP1_GRUPO_21.csproj", "{18957B3D-1124-47B5-8F05-29CBE4BBC348}"
EndProject
Global
	GlobalSection(SolutionConfigurationPlatforms) = preSolution
		Debug|Any CPU = Debug|Any CPU
		Release|Any CPU = Release|Any CPU
	EndGlobalSection
	GlobalSection(ProjectConfigurationPlatforms) = postSolution
		{18957B3D-1124-47B5-8F05-29CBE4BBC348}.Debug|Any CPU.ActiveCfg = Debug|Any CPU
		{18957B3D-1124-47B5-8F05-29CBE4BBC348}.Debug|Any CPU.Build.0 = Debug|Any CPU
		{18957B3D-1124-47B5-8F05-29CBE4BBC348}.Release|Any CPU.ActiveCfg = Release|Any CPU
		{18957B3D-1124-47B5-8F05-29CBE4BBC348}.Release|Any CPU.Build.0 = Release|Any CPU
	EndGlobalSection
	GlobalSection(SolutionProperties) = preSolution
		HideSolutionNode = FALSE
	EndGlobalSection
	GlobalSection(ExtensibilityGlobals) = postSolution
		SolutionGuid = {FF1EC80F-CE1D-4166-9D88-30556F9FB17F}
	EndGlobalSection
EndGlobal
